// !$*UTF8*$!
{
	archiveVersion = 1;
	classes = {
	};
	objectVersion = 46;
	objects = {

/* Begin PBXBuildFile section */
		006967DB1C424B7D005A181A /* AppDelegate.swift in Sources */ = {isa = PBXBuildFile; fileRef = 006967DA1C424B7D005A181A /* AppDelegate.swift */; };
		006967DD1C424B7D005A181A /* ViewController.swift in Sources */ = {isa = PBXBuildFile; fileRef = 006967DC1C424B7D005A181A /* ViewController.swift */; };
		006967E01C424B7D005A181A /* Main.storyboard in Resources */ = {isa = PBXBuildFile; fileRef = 006967DE1C424B7D005A181A /* Main.storyboard */; };
		006967E31C424B7D005A181A /* CustomSelectors.xcdatamodeld in Sources */ = {isa = PBXBuildFile; fileRef = 006967E11C424B7D005A181A /* CustomSelectors.xcdatamodeld */; };
		006967E51C424B7D005A181A /* Assets.xcassets in Resources */ = {isa = PBXBuildFile; fileRef = 006967E41C424B7D005A181A /* Assets.xcassets */; };
		006967E81C424B7D005A181A /* LaunchScreen.storyboard in Resources */ = {isa = PBXBuildFile; fileRef = 006967E61C424B7D005A181A /* LaunchScreen.storyboard */; };
		006967F31C424B7D005A181A /* CustomSelectorsTests.swift in Sources */ = {isa = PBXBuildFile; fileRef = 006967F21C424B7D005A181A /* CustomSelectorsTests.swift */; };
		006967FE1C424B7D005A181A /* CustomSelectorsUITests.swift in Sources */ = {isa = PBXBuildFile; fileRef = 006967FD1C424B7D005A181A /* CustomSelectorsUITests.swift */; };
		0069680C1C424C0E005A181A /* CoreDataStack.swift in Sources */ = {isa = PBXBuildFile; fileRef = 0069680B1C424C0E005A181A /* CoreDataStack.swift */; };
		006968101C4253C3005A181A /* README.md in Sources */ = {isa = PBXBuildFile; fileRef = 0069680F1C4253C3005A181A /* README.md */; };
/* End PBXBuildFile section */

/* Begin PBXContainerItemProxy section */
		006967EF1C424B7D005A181A /* PBXContainerItemProxy */ = {
			isa = PBXContainerItemProxy;
			containerPortal = 006967CF1C424B7D005A181A /* Project object */;
			proxyType = 1;
			remoteGlobalIDString = 006967D61C424B7D005A181A;
			remoteInfo = CustomSelectors;
		};
		006967FA1C424B7D005A181A /* PBXContainerItemProxy */ = {
			isa = PBXContainerItemProxy;
			containerPortal = 006967CF1C424B7D005A181A /* Project object */;
			proxyType = 1;
			remoteGlobalIDString = 006967D61C424B7D005A181A;
			remoteInfo = CustomSelectors;
		};
/* End PBXContainerItemProxy section */

/* Begin PBXFileReference section */
		006967D71C424B7D005A181A /* CustomSelectors.app */ = {isa = PBXFileReference; explicitFileType = wrapper.application; includeInIndex = 0; path = CustomSelectors.app; sourceTree = BUILT_PRODUCTS_DIR; };
		006967DA1C424B7D005A181A /* AppDelegate.swift */ = {isa = PBXFileReference; lastKnownFileType = sourcecode.swift; path = AppDelegate.swift; sourceTree = "<group>"; };
		006967DC1C424B7D005A181A /* ViewController.swift */ = {isa = PBXFileReference; lastKnownFileType = sourcecode.swift; path = ViewController.swift; sourceTree = "<group>"; };
		006967DF1C424B7D005A181A /* Base */ = {isa = PBXFileReference; lastKnownFileType = file.storyboard; name = Base; path = Base.lproj/Main.storyboard; sourceTree = "<group>"; };
		006967E21C424B7D005A181A /* CustomSelectors.xcdatamodel */ = {isa = PBXFileReference; lastKnownFileType = wrapper.xcdatamodel; path = CustomSelectors.xcdatamodel; sourceTree = "<group>"; };
		006967E41C424B7D005A181A /* Assets.xcassets */ = {isa = PBXFileReference; lastKnownFileType = folder.assetcatalog; path = Assets.xcassets; sourceTree = "<group>"; };
		006967E71C424B7D005A181A /* Base */ = {isa = PBXFileReference; lastKnownFileType = file.storyboard; name = Base; path = Base.lproj/LaunchScreen.storyboard; sourceTree = "<group>"; };
		006967E91C424B7D005A181A /* Info.plist */ = {isa = PBXFileReference; lastKnownFileType = text.plist.xml; path = Info.plist; sourceTree = "<group>"; };
		006967EE1C424B7D005A181A /* CustomSelectorsTests.xctest */ = {isa = PBXFileReference; explicitFileType = wrapper.cfbundle; includeInIndex = 0; path = CustomSelectorsTests.xctest; sourceTree = BUILT_PRODUCTS_DIR; };
		006967F21C424B7D005A181A /* CustomSelectorsTests.swift */ = {isa = PBXFileReference; lastKnownFileType = sourcecode.swift; path = CustomSelectorsTests.swift; sourceTree = "<group>"; };
		006967F41C424B7D005A181A /* Info.plist */ = {isa = PBXFileReference; lastKnownFileType = text.plist.xml; path = Info.plist; sourceTree = "<group>"; };
		006967F91C424B7D005A181A /* CustomSelectorsUITests.xctest */ = {isa = PBXFileReference; explicitFileType = wrapper.cfbundle; includeInIndex = 0; path = CustomSelectorsUITests.xctest; sourceTree = BUILT_PRODUCTS_DIR; };
		006967FD1C424B7D005A181A /* CustomSelectorsUITests.swift */ = {isa = PBXFileReference; lastKnownFileType = sourcecode.swift; path = CustomSelectorsUITests.swift; sourceTree = "<group>"; };
		006967FF1C424B7D005A181A /* Info.plist */ = {isa = PBXFileReference; lastKnownFileType = text.plist.xml; path = Info.plist; sourceTree = "<group>"; };
		0069680B1C424C0E005A181A /* CoreDataStack.swift */ = {isa = PBXFileReference; fileEncoding = 4; lastKnownFileType = sourcecode.swift; path = CoreDataStack.swift; sourceTree = "<group>"; };
		0069680F1C4253C3005A181A /* README.md */ = {isa = PBXFileReference; fileEncoding = 4; lastKnownFileType = net.daringfireball.markdown; path = README.md; sourceTree = SOURCE_ROOT; };
/* End PBXFileReference section */

/* Begin PBXFrameworksBuildPhase section */
		006967D41C424B7D005A181A /* Frameworks */ = {
			isa = PBXFrameworksBuildPhase;
			buildActionMask = 2147483647;
			files = (
			);
			runOnlyForDeploymentPostprocessing = 0;
		};
		006967EB1C424B7D005A181A /* Frameworks */ = {
			isa = PBXFrameworksBuildPhase;
			buildActionMask = 2147483647;
			files = (
			);
			runOnlyForDeploymentPostprocessing = 0;
		};
		006967F61C424B7D005A181A /* Frameworks */ = {
			isa = PBXFrameworksBuildPhase;
			buildActionMask = 2147483647;
			files = (
			);
			runOnlyForDeploymentPostprocessing = 0;
		};
/* End PBXFrameworksBuildPhase section */

/* Begin PBXGroup section */
		006967CE1C424B7D005A181A = {
			isa = PBXGroup;
			children = (
				006967D91C424B7D005A181A /* CustomSelectors */,
				006967F11C424B7D005A181A /* CustomSelectorsTests */,
				006967FC1C424B7D005A181A /* CustomSelectorsUITests */,
				006967D81C424B7D005A181A /* Products */,
			);
			sourceTree = "<group>";
		};
		006967D81C424B7D005A181A /* Products */ = {
			isa = PBXGroup;
			children = (
				006967D71C424B7D005A181A /* CustomSelectors.app */,
				006967EE1C424B7D005A181A /* CustomSelectorsTests.xctest */,
				006967F91C424B7D005A181A /* CustomSelectorsUITests.xctest */,
			);
			name = Products;
			sourceTree = "<group>";
		};
		006967D91C424B7D005A181A /* CustomSelectors */ = {
			isa = PBXGroup;
			children = (
				006967DA1C424B7D005A181A /* AppDelegate.swift */,
				006967DC1C424B7D005A181A /* ViewController.swift */,
				0069680B1C424C0E005A181A /* CoreDataStack.swift */,
				0069680F1C4253C3005A181A /* README.md */,
				006967DE1C424B7D005A181A /* Main.storyboard */,
				006967E41C424B7D005A181A /* Assets.xcassets */,
				006967E61C424B7D005A181A /* LaunchScreen.storyboard */,
				006967E91C424B7D005A181A /* Info.plist */,
				006967E11C424B7D005A181A /* CustomSelectors.xcdatamodeld */,
			);
			path = CustomSelectors;
			sourceTree = "<group>";
		};
		006967F11C424B7D005A181A /* CustomSelectorsTests */ = {
			isa = PBXGroup;
			children = (
				006967F21C424B7D005A181A /* CustomSelectorsTests.swift */,
				006967F41C424B7D005A181A /* Info.plist */,
			);
			path = CustomSelectorsTests;
			sourceTree = "<group>";
		};
		006967FC1C424B7D005A181A /* CustomSelectorsUITests */ = {
			isa = PBXGroup;
			children = (
				006967FD1C424B7D005A181A /* CustomSelectorsUITests.swift */,
				006967FF1C424B7D005A181A /* Info.plist */,
			);
			path = CustomSelectorsUITests;
			sourceTree = "<group>";
		};
/* End PBXGroup section */

/* Begin PBXNativeTarget section */
		006967D61C424B7D005A181A /* CustomSelectors */ = {
			isa = PBXNativeTarget;
			buildConfigurationList = 006968021C424B7D005A181A /* Build configuration list for PBXNativeTarget "CustomSelectors" */;
			buildPhases = (
				006967D31C424B7D005A181A /* Sources */,
				006967D41C424B7D005A181A /* Frameworks */,
				006967D51C424B7D005A181A /* Resources */,
			);
			buildRules = (
			);
			dependencies = (
			);
			name = CustomSelectors;
			productName = CustomSelectors;
			productReference = 006967D71C424B7D005A181A /* CustomSelectors.app */;
			productType = "com.apple.product-type.application";
		};
		006967ED1C424B7D005A181A /* CustomSelectorsTests */ = {
			isa = PBXNativeTarget;
			buildConfigurationList = 006968051C424B7D005A181A /* Build configuration list for PBXNativeTarget "CustomSelectorsTests" */;
			buildPhases = (
				006967EA1C424B7D005A181A /* Sources */,
				006967EB1C424B7D005A181A /* Frameworks */,
				006967EC1C424B7D005A181A /* Resources */,
			);
			buildRules = (
			);
			dependencies = (
				006967F01C424B7D005A181A /* PBXTargetDependency */,
			);
			name = CustomSelectorsTests;
			productName = CustomSelectorsTests;
			productReference = 006967EE1C424B7D005A181A /* CustomSelectorsTests.xctest */;
			productType = "com.apple.product-type.bundle.unit-test";
		};
		006967F81C424B7D005A181A /* CustomSelectorsUITests */ = {
			isa = PBXNativeTarget;
			buildConfigurationList = 006968081C424B7D005A181A /* Build configuration list for PBXNativeTarget "CustomSelectorsUITests" */;
			buildPhases = (
				006967F51C424B7D005A181A /* Sources */,
				006967F61C424B7D005A181A /* Frameworks */,
				006967F71C424B7D005A181A /* Resources */,
			);
			buildRules = (
			);
			dependencies = (
				006967FB1C424B7D005A181A /* PBXTargetDependency */,
			);
			name = CustomSelectorsUITests;
			productName = CustomSelectorsUITests;
			productReference = 006967F91C424B7D005A181A /* CustomSelectorsUITests.xctest */;
			productType = "com.apple.product-type.bundle.ui-testing";
		};
/* End PBXNativeTarget section */

/* Begin PBXProject section */
		006967CF1C424B7D005A181A /* Project object */ = {
			isa = PBXProject;
			attributes = {
				LastSwiftUpdateCheck = 0720;
				LastUpgradeCheck = 0720;
				ORGANIZATIONNAME = lernu;
				TargetAttributes = {
					006967D61C424B7D005A181A = {
						CreatedOnToolsVersion = 7.2;
					};
					006967ED1C424B7D005A181A = {
						CreatedOnToolsVersion = 7.2;
						TestTargetID = 006967D61C424B7D005A181A;
					};
					006967F81C424B7D005A181A = {
						CreatedOnToolsVersion = 7.2;
						TestTargetID = 006967D61C424B7D005A181A;
					};
				};
			};
			buildConfigurationList = 006967D21C424B7D005A181A /* Build configuration list for PBXProject "CustomSelectors" */;
			compatibilityVersion = "Xcode 3.2";
			developmentRegion = English;
			hasScannedForEncodings = 0;
			knownRegions = (
				en,
				Base,
			);
			mainGroup = 006967CE1C424B7D005A181A;
			productRefGroup = 006967D81C424B7D005A181A /* Products */;
			projectDirPath = "";
			projectRoot = "";
			targets = (
				006967D61C424B7D005A181A /* CustomSelectors */,
				006967ED1C424B7D005A181A /* CustomSelectorsTests */,
				006967F81C424B7D005A181A /* CustomSelectorsUITests */,
			);
		};
/* End PBXProject section */

/* Begin PBXResourcesBuildPhase section */
		006967D51C424B7D005A181A /* Resources */ = {
			isa = PBXResourcesBuildPhase;
			buildActionMask = 2147483647;
			files = (
				006967E81C424B7D005A181A /* LaunchScreen.storyboard in Resources */,
				006967E51C424B7D005A181A /* Assets.xcassets in Resources */,
				006967E01C424B7D005A181A /* Main.storyboard in Resources */,
			);
			runOnlyForDeploymentPostprocessing = 0;
		};
		006967EC1C424B7D005A181A /* Resources */ = {
			isa = PBXResourcesBuildPhase;
			buildActionMask = 2147483647;
			files = (
			);
			runOnlyForDeploymentPostprocessing = 0;
		};
		006967F71C424B7D005A181A /* Resources */ = {
			isa = PBXResourcesBuildPhase;
			buildActionMask = 2147483647;
			files = (
			);
			runOnlyForDeploymentPostprocessing = 0;
		};
/* End PBXResourcesBuildPhase section */

/* Begin PBXSourcesBuildPhase section */
		006967D31C424B7D005A181A /* Sources */ = {
			isa = PBXSourcesBuildPhase;
			buildActionMask = 2147483647;
			files = (
				006967DD1C424B7D005A181A /* ViewController.swift in Sources */,
				006967DB1C424B7D005A181A /* AppDelegate.swift in Sources */,
				006968101C4253C3005A181A /* README.md in Sources */,
				006967E31C424B7D005A181A /* CustomSelectors.xcdatamodeld in Sources */,
				0069680C1C424C0E005A181A /* CoreDataStack.swift in Sources */,
			);
			runOnlyForDeploymentPostprocessing = 0;
		};
		006967EA1C424B7D005A181A /* Sources */ = {
			isa = PBXSourcesBuildPhase;
			buildActionMask = 2147483647;
			files = (
				006967F31C424B7D005A181A /* CustomSelectorsTests.swift in Sources */,
			);
			runOnlyForDeploymentPostprocessing = 0;
		};
		006967F51C424B7D005A181A /* Sources */ = {
			isa = PBXSourcesBuildPhase;
			buildActionMask = 2147483647;
			files = (
				006967FE1C424B7D005A181A /* CustomSelectorsUITests.swift in Sources */,
			);
			runOnlyForDeploymentPostprocessing = 0;
		};
/* End PBXSourcesBuildPhase section */

/* Begin PBXTargetDependency section */
		006967F01C424B7D005A181A /* PBXTargetDependency */ = {
			isa = PBXTargetDependency;
			target = 006967D61C424B7D005A181A /* CustomSelectors */;
			targetProxy = 006967EF1C424B7D005A181A /* PBXContainerItemProxy */;
		};
		006967FB1C424B7D005A181A /* PBXTargetDependency */ = {
			isa = PBXTargetDependency;
			target = 006967D61C424B7D005A181A /* CustomSelectors */;
			targetProxy = 006967FA1C424B7D005A181A /* PBXContainerItemProxy */;
		};
/* End PBXTargetDependency section */

/* Begin PBXVariantGroup section */
		006967DE1C424B7D005A181A /* Main.storyboard */ = {
			isa = PBXVariantGroup;
			children = (
				006967DF1C424B7D005A181A /* Base */,
			);
			name = Main.storyboard;
			sourceTree = "<group>";
		};
		006967E61C424B7D005A181A /* LaunchScreen.storyboard */ = {
			isa = PBXVariantGroup;
			children = (
				006967E71C424B7D005A181A /* Base */,
			);
			name = LaunchScreen.storyboard;
			sourceTree = "<group>";
		};
/* End PBXVariantGroup section */

/* Begin XCBuildConfiguration section */
		006968001C424B7D005A181A /* Debug */ = {
			isa = XCBuildConfiguration;
			buildSettings = {
				ALWAYS_SEARCH_USER_PATHS = NO;
				CLANG_CXX_LANGUAGE_STANDARD = "gnu++0x";
				CLANG_CXX_LIBRARY = "libc++";
				CLANG_ENABLE_MODULES = YES;
				CLANG_ENABLE_OBJC_ARC = YES;
				CLANG_WARN_BOOL_CONVERSION = YES;
				CLANG_WARN_CONSTANT_CONVERSION = YES;
				CLANG_WARN_DIRECT_OBJC_ISA_USAGE = YES_ERROR;
				CLANG_WARN_EMPTY_BODY = YES;
				CLANG_WARN_ENUM_CONVERSION = YES;
				CLANG_WARN_INT_CONVERSION = YES;
				CLANG_WARN_OBJC_ROOT_CLASS = YES_ERROR;
				CLANG_WARN_UNREACHABLE_CODE = YES;
				CLANG_WARN__DUPLICATE_METHOD_MATCH = YES;
				"CODE_SIGN_IDENTITY[sdk=iphoneos*]" = "iPhone Developer";
				COPY_PHASE_STRIP = NO;
				DEBUG_INFORMATION_FORMAT = dwarf;
				ENABLE_STRICT_OBJC_MSGSEND = YES;
				ENABLE_TESTABILITY = YES;
				GCC_C_LANGUAGE_STANDARD = gnu99;
				GCC_DYNAMIC_NO_PIC = NO;
				GCC_NO_COMMON_BLOCKS = YES;
				GCC_OPTIMIZATION_LEVEL = 0;
				GCC_PREPROCESSOR_DEFINITIONS = (
					"DEBUG=1",
					"$(inherited)",
				);
				GCC_WARN_64_TO_32_BIT_CONVERSION = YES;
				GCC_WARN_ABOUT_RETURN_TYPE = YES_ERROR;
				GCC_WARN_UNDECLARED_SELECTOR = YES;
				GCC_WARN_UNINITIALIZED_AUTOS = YES_AGGRESSIVE;
				GCC_WARN_UNUSED_FUNCTION = YES;
				GCC_WARN_UNUSED_VARIABLE = YES;
				IPHONEOS_DEPLOYMENT_TARGET = 9.2;
				MTL_ENABLE_DEBUG_INFO = YES;
				ONLY_ACTIVE_ARCH = YES;
				SDKROOT = iphoneos;
				SWIFT_OPTIMIZATION_LEVEL = "-Onone";
				TARGETED_DEVICE_FAMILY = "1,2";
			};
			name = Debug;
		};
		006968011C424B7D005A181A /* Release */ = {
			isa = XCBuildConfiguration;
			buildSettings = {
				ALWAYS_SEARCH_USER_PATHS = NO;
				CLANG_CXX_LANGUAGE_STANDARD = "gnu++0x";
				CLANG_CXX_LIBRARY = "libc++";
				CLANG_ENABLE_MODULES = YES;
				CLANG_ENABLE_OBJC_ARC = YES;
				CLANG_WARN_BOOL_CONVERSION = YES;
				CLANG_WARN_CONSTANT_CONVERSION = YES;
				CLANG_WARN_DIRECT_OBJC_ISA_USAGE = YES_ERROR;
				CLANG_WARN_EMPTY_BODY = YES;
				CLANG_WARN_ENUM_CONVERSION = YES;
				CLANG_WARN_INT_CONVERSION = YES;
				CLANG_WARN_OBJC_ROOT_CLASS = YES_ERROR;
				CLANG_WARN_UNREACHABLE_CODE = YES;
				CLANG_WARN__DUPLICATE_METHOD_MATCH = YES;
				"CODE_SIGN_IDENTITY[sdk=iphoneos*]" = "iPhone Developer";
				COPY_PHASE_STRIP = NO;
				DEBUG_INFORMATION_FORMAT = "dwarf-with-dsym";
				ENABLE_NS_ASSERTIONS = NO;
				ENABLE_STRICT_OBJC_MSGSEND = YES;
				GCC_C_LANGUAGE_STANDARD = gnu99;
				GCC_NO_COMMON_BLOCKS = YES;
				GCC_WARN_64_TO_32_BIT_CONVERSION = YES;
				GCC_WARN_ABOUT_RETURN_TYPE = YES_ERROR;
				GCC_WARN_UNDECLARED_SELECTOR = YES;
				GCC_WARN_UNINITIALIZED_AUTOS = YES_AGGRESSIVE;
				GCC_WARN_UNUSED_FUNCTION = YES;
				GCC_WARN_UNUSED_VARIABLE = YES;
				IPHONEOS_DEPLOYMENT_TARGET = 9.2;
				MTL_ENABLE_DEBUG_INFO = NO;
				SDKROOT = iphoneos;
				TARGETED_DEVICE_FAMILY = "1,2";
				VALIDATE_PRODUCT = YES;
			};
			name = Release;
		};
		006968031C424B7D005A181A /* Debug */ = {
			isa = XCBuildConfiguration;
			buildSettings = {
				ASSETCATALOG_COMPILER_APPICON_NAME = AppIcon;
				INFOPLIST_FILE = CustomSelectors/Info.plist;
				LD_RUNPATH_SEARCH_PATHS = "$(inherited) @executable_path/Frameworks";
				PRODUCT_BUNDLE_IDENTIFIER = lernu.CustomSelectors;
				PRODUCT_NAME = "$(TARGET_NAME)";
			};
			name = Debug;
		};
		006968041C424B7D005A181A /* Release */ = {
			isa = XCBuildConfiguration;
			buildSettings = {
				ASSETCATALOG_COMPILER_APPICON_NAME = AppIcon;
				INFOPLIST_FILE = CustomSelectors/Info.plist;
				LD_RUNPATH_SEARCH_PATHS = "$(inherited) @executable_path/Frameworks";
				PRODUCT_BUNDLE_IDENTIFIER = lernu.CustomSelectors;
				PRODUCT_NAME = "$(TARGET_NAME)";
			};
			name = Release;
		};
		006968061C424B7D005A181A /* Debug */ = {
			isa = XCBuildConfiguration;
			buildSettings = {
				BUNDLE_LOADER = "$(TEST_HOST)";
				INFOPLIST_FILE = CustomSelectorsTests/Info.plist;
				LD_RUNPATH_SEARCH_PATHS = "$(inherited) @executable_path/Frameworks @loader_path/Frameworks";
				PRODUCT_BUNDLE_IDENTIFIER = lernu.CustomSelectorsTests;
				PRODUCT_NAME = "$(TARGET_NAME)";
				TEST_HOST = "$(BUILT_PRODUCTS_DIR)/CustomSelectors.app/CustomSelectors";
			};
			name = Debug;
		};
		006968071C424B7D005A181A /* Release */ = {
			isa = XCBuildConfiguration;
			buildSettings = {
				BUNDLE_LOADER = "$(TEST_HOST)";
				INFOPLIST_FILE = CustomSelectorsTests/Info.plist;
				LD_RUNPATH_SEARCH_PATHS = "$(inherited) @executable_path/Frameworks @loader_path/Frameworks";
				PRODUCT_BUNDLE_IDENTIFIER = lernu.CustomSelectorsTests;
				PRODUCT_NAME = "$(TARGET_NAME)";
				TEST_HOST = "$(BUILT_PRODUCTS_DIR)/CustomSelectors.app/CustomSelectors";
			};
			name = Release;
		};
		006968091C424B7D005A181A /* Debug */ = {
			isa = XCBuildConfiguration;
			buildSettings = {
				INFOPLIST_FILE = CustomSelectorsUITests/Info.plist;
				LD_RUNPATH_SEARCH_PATHS = "$(inherited) @executable_path/Frameworks @loader_path/Frameworks";
				PRODUCT_BUNDLE_IDENTIFIER = lernu.CustomSelectorsUITests;
				PRODUCT_NAME = "$(TARGET_NAME)";
				TEST_TARGET_NAME = CustomSelectors;
				USES_XCTRUNNER = YES;
			};
			name = Debug;
		};
		0069680A1C424B7D005A181A /* Release */ = {
			isa = XCBuildConfiguration;
			buildSettings = {
				INFOPLIST_FILE = CustomSelectorsUITests/Info.plist;
				LD_RUNPATH_SEARCH_PATHS = "$(inherited) @executable_path/Frameworks @loader_path/Frameworks";
				PRODUCT_BUNDLE_IDENTIFIER = lernu.CustomSelectorsUITests;
				PRODUCT_NAME = "$(TARGET_NAME)";
				TEST_TARGET_NAME = CustomSelectors;
				USES_XCTRUNNER = YES;
			};
			name = Release;
		};
/* End XCBuildConfiguration section */

/* Begin XCConfigurationList section */
		006967D21C424B7D005A181A /* Build configuration list for PBXProject "CustomSelectors" */ = {
			isa = XCConfigurationList;
			buildConfigurations = (
				006968001C424B7D005A181A /* Debug */,
				006968011C424B7D005A181A /* Release */,
			);
			defaultConfigurationIsVisible = 0;
			defaultConfigurationName = Release;
		};
		006968021C424B7D005A181A /* Build configuration list for PBXNativeTarget "CustomSelectors" */ = {
			isa = XCConfigurationList;
			buildConfigurations = (
				006968031C424B7D005A181A /* Debug */,
				006968041C424B7D005A181A /* Release */,
			);
			defaultConfigurationIsVisible = 0;
		};
		006968051C424B7D005A181A /* Build configuration list for PBXNativeTarget "CustomSelectorsTests" */ = {
			isa = XCConfigurationList;
			buildConfigurations = (
				006968061C424B7D005A181A /* Debug */,
				006968071C424B7D005A181A /* Release */,
			);
			defaultConfigurationIsVisible = 0;
		};
		006968081C424B7D005A181A /* Build configuration list for PBXNativeTarget "CustomSelectorsUITests" */ = {
			isa = XCConfigurationList;
			buildConfigurations = (
				006968091C424B7D005A181A /* Debug */,
				0069680A1C424B7D005A181A /* Release */,
			);
			defaultConfigurationIsVisible = 0;
		};
/* End XCConfigurationList section */

/* Begin XCVersionGroup section */
		006967E11C424B7D005A181A /* CustomSelectors.xcdatamodeld */ = {
			isa = XCVersionGroup;
			children = (
				006967E21C424B7D005A181A /* CustomSelectors.xcdatamodel */,
			);
			currentVersion = 006967E21C424B7D005A181A /* CustomSelectors.xcdatamodel */;
			path = CustomSelectors.xcdatamodeld;
			sourceTree = "<group>";
			versionGroupType = wrapper.xcdatamodel;
		};
/* End XCVersionGroup section */
	};
	rootObject = 006967CF1C424B7D005A181A /* Project object */;
}
